
Microsoft Visual Studio Solution File, Format Version 12.00
# Visual Studio Version 17
VisualStudioVersion = 17.14.36414.22
MinimumVisualStudioVersion = 10.0.40219.1
Project("{2150E333-8FDC-42A3-9474-1A3956D46DE8}") = "Src", "Src", "{02EA681E-C7D8-13C7-8484-4AC65E1B71E8}"
EndProject
Project("{2150E333-8FDC-42A3-9474-1A3956D46DE8}") = "Common", "Common", "{64DA6099-76DE-4F0D-B76A-A811E215D725}"
EndProject
Project("{2150E333-8FDC-42A3-9474-1A3956D46DE8}") = "Services", "Services", "{B1D43667-8CA2-44E8-9085-DB99FFE89777}"
EndProject
Project("{2150E333-8FDC-42A3-9474-1A3956D46DE8}") = "BasketService", "BasketService", "{59D6075D-0B42-4383-A275-E821ADF1CB7B}"
EndProject
Project("{2150E333-8FDC-42A3-9474-1A3956D46DE8}") = "CatalogService", "CatalogService", "{EC52DE7D-9111-4799-9146-D73787E71369}"
EndProject
Project("{2150E333-8FDC-42A3-9474-1A3956D46DE8}") = "IDPService", "IDPService", "{309DB38B-7A54-480A-B3B4-924D98B37217}"
EndProject
Project("{2150E333-8FDC-42A3-9474-1A3956D46DE8}") = "OrderService", "OrderService", "{0E599F9D-ABE8-4802-969B-9F4E96A5C910}"
EndProject
Project("{2150E333-8FDC-42A3-9474-1A3956D46DE8}") = "ReportService", "ReportService", "{79C79EB2-15FC-46F6-BA59-8E6B23A16461}"
EndProject
Project("{2150E333-8FDC-42A3-9474-1A3956D46DE8}") = "SearchService", "SearchService", "{732307BF-C527-4C8B-829D-55556725B718}"
EndProject
Project("{FAE04EC0-301F-11D3-BF4B-00C04F79EFBC}") = "IDP.Api", "Src\Services\IDPService\IDP.Api\IDP.Api.csproj", "{C4A49661-E1B4-45BE-B44F-E827B1F72490}"
EndProject
Project("{FAE04EC0-301F-11D3-BF4B-00C04F79EFBC}") = "IDP.Application", "Src\Services\IDPService\IDP.Application\IDP.Application.csproj", "{AF5F4F4A-697B-4994-B3DD-169E3E882D25}"
EndProject
Project("{FAE04EC0-301F-11D3-BF4B-00C04F79EFBC}") = "IDP.Domain", "Src\Services\IDPService\IDP.Domain\IDP.Domain.csproj", "{1B55A602-D21D-4E3D-814B-FF2CCDDFCE96}"
EndProject
Project("{FAE04EC0-301F-11D3-BF4B-00C04F79EFBC}") = "IDP.Infra", "Src\Services\IDPService\IDP.Infra\IDP.Infra.csproj", "{944434CD-9D7E-4E7B-8DE0-425AB00A0151}"
EndProject
Project("{FAE04EC0-301F-11D3-BF4B-00C04F79EFBC}") = "IDP.Ioc", "Src\Services\IDPService\IDP.Ioc\IDP.Ioc.csproj", "{E10E39CD-66AA-4FE7-9113-FFF65775E9F9}"
EndProject
Project("{FAE04EC0-301F-11D3-BF4B-00C04F79EFBC}") = "IDP.UnitTest", "Src\Services\IDPService\IDP.UnitTest\IDP.UnitTest.csproj", "{3BACFAE3-D689-408F-8073-DBA1A2346CB5}"
EndProject
Global
	GlobalSection(SolutionConfigurationPlatforms) = preSolution
		Debug|Any CPU = Debug|Any CPU
		Release|Any CPU = Release|Any CPU
	EndGlobalSection
	GlobalSection(ProjectConfigurationPlatforms) = postSolution
		{C4A49661-E1B4-45BE-B44F-E827B1F72490}.Debug|Any CPU.ActiveCfg = Debug|Any CPU
		{C4A49661-E1B4-45BE-B44F-E827B1F72490}.Debug|Any CPU.Build.0 = Debug|Any CPU
		{C4A49661-E1B4-45BE-B44F-E827B1F72490}.Release|Any CPU.ActiveCfg = Release|Any CPU
		{C4A49661-E1B4-45BE-B44F-E827B1F72490}.Release|Any CPU.Build.0 = Release|Any CPU
		{AF5F4F4A-697B-4994-B3DD-169E3E882D25}.Debug|Any CPU.ActiveCfg = Debug|Any CPU
		{AF5F4F4A-697B-4994-B3DD-169E3E882D25}.Debug|Any CPU.Build.0 = Debug|Any CPU
		{AF5F4F4A-697B-4994-B3DD-169E3E882D25}.Release|Any CPU.ActiveCfg = Release|Any CPU
		{AF5F4F4A-697B-4994-B3DD-169E3E882D25}.Release|Any CPU.Build.0 = Release|Any CPU
		{1B55A602-D21D-4E3D-814B-FF2CCDDFCE96}.Debug|Any CPU.ActiveCfg = Debug|Any CPU
		{1B55A602-D21D-4E3D-814B-FF2CCDDFCE96}.Debug|Any CPU.Build.0 = Debug|Any CPU
		{1B55A602-D21D-4E3D-814B-FF2CCDDFCE96}.Release|Any CPU.ActiveCfg = Release|Any CPU
		{1B55A602-D21D-4E3D-814B-FF2CCDDFCE96}.Release|Any CPU.Build.0 = Release|Any CPU
		{944434CD-9D7E-4E7B-8DE0-425AB00A0151}.Debug|Any CPU.ActiveCfg = Debug|Any CPU
		{944434CD-9D7E-4E7B-8DE0-425AB00A0151}.Debug|Any CPU.Build.0 = Debug|Any CPU
		{944434CD-9D7E-4E7B-8DE0-425AB00A0151}.Release|Any CPU.ActiveCfg = Release|Any CPU
		{944434CD-9D7E-4E7B-8DE0-425AB00A0151}.Release|Any CPU.Build.0 = Release|Any CPU
		{E10E39CD-66AA-4FE7-9113-FFF65775E9F9}.Debug|Any CPU.ActiveCfg = Debug|Any CPU
		{E10E39CD-66AA-4FE7-9113-FFF65775E9F9}.Debug|Any CPU.Build.0 = Debug|Any CPU
		{E10E39CD-66AA-4FE7-9113-FFF65775E9F9}.Release|Any CPU.ActiveCfg = Release|Any CPU
		{E10E39CD-66AA-4FE7-9113-FFF65775E9F9}.Release|Any CPU.Build.0 = Release|Any CPU
		{3BACFAE3-D689-408F-8073-DBA1A2346CB5}.Debug|Any CPU.ActiveCfg = Debug|Any CPU
		{3BACFAE3-D689-408F-8073-DBA1A2346CB5}.Debug|Any CPU.Build.0 = Debug|Any CPU
		{3BACFAE3-D689-408F-8073-DBA1A2346CB5}.Release|Any CPU.ActiveCfg = Release|Any CPU
		{3BACFAE3-D689-408F-8073-DBA1A2346CB5}.Release|Any CPU.Build.0 = Release|Any CPU
	EndGlobalSection
	GlobalSection(SolutionProperties) = preSolution
		HideSolutionNode = FALSE
	EndGlobalSection
	GlobalSection(NestedProjects) = preSolution
		{64DA6099-76DE-4F0D-B76A-A811E215D725} = {02EA681E-C7D8-13C7-8484-4AC65E1B71E8}
		{B1D43667-8CA2-44E8-9085-DB99FFE89777} = {02EA681E-C7D8-13C7-8484-4AC65E1B71E8}
		{59D6075D-0B42-4383-A275-E821ADF1CB7B} = {B1D43667-8CA2-44E8-9085-DB99FFE89777}
		{EC52DE7D-9111-4799-9146-D73787E71369} = {B1D43667-8CA2-44E8-9085-DB99FFE89777}
		{309DB38B-7A54-480A-B3B4-924D98B37217} = {B1D43667-8CA2-44E8-9085-DB99FFE89777}
		{0E599F9D-ABE8-4802-969B-9F4E96A5C910} = {B1D43667-8CA2-44E8-9085-DB99FFE89777}
		{79C79EB2-15FC-46F6-BA59-8E6B23A16461} = {B1D43667-8CA2-44E8-9085-DB99FFE89777}
		{732307BF-C527-4C8B-829D-55556725B718} = {B1D43667-8CA2-44E8-9085-DB99FFE89777}
		{C4A49661-E1B4-45BE-B44F-E827B1F72490} = {309DB38B-7A54-480A-B3B4-924D98B37217}
		{AF5F4F4A-697B-4994-B3DD-169E3E882D25} = {309DB38B-7A54-480A-B3B4-924D98B37217}
		{1B55A602-D21D-4E3D-814B-FF2CCDDFCE96} = {309DB38B-7A54-480A-B3B4-924D98B37217}
		{944434CD-9D7E-4E7B-8DE0-425AB00A0151} = {309DB38B-7A54-480A-B3B4-924D98B37217}
		{E10E39CD-66AA-4FE7-9113-FFF65775E9F9} = {309DB38B-7A54-480A-B3B4-924D98B37217}
		{3BACFAE3-D689-408F-8073-DBA1A2346CB5} = {309DB38B-7A54-480A-B3B4-924D98B37217}
	EndGlobalSection
	GlobalSection(ExtensibilityGlobals) = postSolution
		SolutionGuid = {B61F4A2C-709A-4A5B-AAEF-586DC735DA4C}
	EndGlobalSection
EndGlobal
